
Microsoft Visual Studio Solution File, Format Version 12.00
# Visual Studio Version 17
VisualStudioVersion = 17.14.36915.13 d17.14
MinimumVisualStudioVersion = 10.0.40219.1
Project("{FAE04EC0-301F-11D3-BF4B-00C04F79EFBC}") = "states", "states.csproj", "{58E7AD0A-AFF3-4020-992C-60E2D6E06DB6}"
EndProject
Global
	GlobalSection(SolutionConfigurationPlatforms) = preSolution
		Debug|Any CPU = Debug|Any CPU
		Release|Any CPU = Release|Any CPU
	EndGlobalSection
	GlobalSection(ProjectConfigurationPlatforms) = postSolution
		{58E7AD0A-AFF3-4020-992C-60E2D6E06DB6}.Debug|Any CPU.ActiveCfg = Debug|Any CPU
		{58E7AD0A-AFF3-4020-992C-60E2D6E06DB6}.Debug|Any CPU.Build.0 = Debug|Any CPU
		{58E7AD0A-AFF3-4020-992C-60E2D6E06DB6}.Release|Any CPU.ActiveCfg = Release|Any CPU
		{58E7AD0A-AFF3-4020-992C-60E2D6E06DB6}.Release|Any CPU.Build.0 = Release|Any CPU
	EndGlobalSection
	GlobalSection(SolutionProperties) = preSolution
		HideSolutionNode = FALSE
	EndGlobalSection
	GlobalSection(ExtensibilityGlobals) = postSolution
		SolutionGuid = {68505CA3-2372-4CB4-BF48-D1ADD7DE4A52}
	EndGlobalSection
EndGlobal
